// !$*UTF8*$!
{
	archiveVersion = 1;
	classes = {
	};
	objectVersion = 77;
	objects = {

/* Begin PBXBuildFile section */
		6E46FDA82F72E0F600D0CFD4 /* Kingfisher in Frameworks */ = {isa = PBXBuildFile; productRef = 6E46FDA72F72E0F600D0CFD4 /* Kingfisher */; };
/* End PBXBuildFile section */

/* Begin PBXContainerItemProxy section */
		6E39C5312F63F2640020B396 /* PBXContainerItemProxy */ = {
			isa = PBXContainerItemProxy;
			containerPortal = 6E39C5122F63F2640020B396 /* Project object */;
			proxyType = 1;
			remoteGlobalIDString = 6E39C5192F63F2640020B396;
			remoteInfo = "Travel Agency";
		};
		6E39C53B2F63F2640020B396 /* PBXContainerItemProxy */ = {
			isa = PBXContainerItemProxy;
			containerPortal = 6E39C5122F63F2640020B396 /* Project object */;
			proxyType = 1;
			remoteGlobalIDString = 6E39C5192F63F2640020B396;
			remoteInfo = "Travel Agency";
		};
/* End PBXContainerItemProxy section */

/* Begin PBXFileReference section */
		6E39C51A2F63F2640020B396 /* Travel Agency.app */ = {isa = PBXFileReference; explicitFileType = wrapper.application; includeInIndex = 0; path = "Travel Agency.app"; sourceTree = BUILT_PRODUCTS_DIR; };
		6E39C5302F63F2640020B396 /* Travel AgencyTests.xctest */ = {isa = PBXFileReference; explicitFileType = wrapper.cfbundle; includeInIndex = 0; path = "Travel AgencyTests.xctest"; sourceTree = BUILT_PRODUCTS_DIR; };
		6E39C53A2F63F2640020B396 /* Travel AgencyUITests.xctest */ = {isa = PBXFileReference; explicitFileType = wrapper.cfbundle; includeInIndex = 0; path = "Travel AgencyUITests.xctest"; sourceTree = BUILT_PRODUCTS_DIR; };
/* End PBXFileReference section */

/* Begin PBXFileSystemSynchronizedBuildFileExceptionSet section */
		6E39C5422F63F2640020B396 /* Exceptions for "Travel Agency" folder in "Travel Agency" target */ = {
			isa = PBXFileSystemSynchronizedBuildFileExceptionSet;
			membershipExceptions = (
				Resources/Info.plist,
			);
			target = 6E39C5192F63F2640020B396 /* Travel Agency */;
		};
/* End PBXFileSystemSynchronizedBuildFileExceptionSet section */

/* Begin PBXFileSystemSynchronizedRootGroup section */
		6E39C51C2F63F2640020B396 /* Travel Agency */ = {
			isa = PBXFileSystemSynchronizedRootGroup;
			exceptions = (
				6E39C5422F63F2640020B396 /* Exceptions for "Travel Agency" folder in "Travel Agency" target */,
			);
			path = "Travel Agency";
			sourceTree = "<group>";
		};
		6E39C5332F63F2640020B396 /* Travel AgencyTests */ = {
			isa = PBXFileSystemSynchronizedRootGroup;
			path = "Travel AgencyTests";
			sourceTree = "<group>";
		};
		6E39C53D2F63F2640020B396 /* Travel AgencyUITests */ = {
			isa = PBXFileSystemSynchronizedRootGroup;
			path = "Travel AgencyUITests";
			sourceTree = "<group>";
		};
/* End PBXFileSystemSynchronizedRootGroup section */

/* Begin PBXFrameworksBuildPhase section */
		6E39C5172F63F2640020B396 /* Frameworks */ = {
			isa = PBXFrameworksBuildPhase;
			buildActionMask = 2147483647;
			files = (
				6E46FDA82F72E0F600D0CFD4 /* Kingfisher in Frameworks */,
			);
			runOnlyForDeploymentPostprocessing = 0;
		};
		6E39C52D2F63F2640020B396 /* Frameworks */ = {
			isa = PBXFrameworksBuildPhase;
			buildActionMask = 2147483647;
			files = (
			);
			runOnlyForDeploymentPostprocessing = 0;
		};
		6E39C5372F63F2640020B396 /* Frameworks */ = {
			isa = PBXFrameworksBuildPhase;
			buildActionMask = 2147483647;
			files = (
			);
			runOnlyForDeploymentPostprocessing = 0;
		};
/* End PBXFrameworksBuildPhase section */

/* Begin PBXGroup section */
		6E39C5112F63F2640020B396 = {
			isa = PBXGroup;
			children = (
				6E39C51C2F63F2640020B396 /* Travel Agency */,
				6E39C5332F63F2640020B396 /* Travel AgencyTests */,
				6E39C53D2F63F2640020B396 /* Travel AgencyUITests */,
				6E46FDA62F72E0F600D0CFD4 /* Frameworks */,
				6E39C51B2F63F2640020B396 /* Products */,
			);
			sourceTree = "<group>";
		};
		6E39C51B2F63F2640020B396 /* Products */ = {
			isa = PBXGroup;
			children = (
				6E39C51A2F63F2640020B396 /* Travel Agency.app */,
				6E39C5302F63F2640020B396 /* Travel AgencyTests.xctest */,
				6E39C53A2F63F2640020B396 /* Travel AgencyUITests.xctest */,
			);
			name = Products;
			sourceTree = "<group>";
		};
		6E46FDA62F72E0F600D0CFD4 /* Frameworks */ = {
			isa = PBXGroup;
			children = (
			);
			name = Frameworks;
			sourceTree = "<group>";
		};
/* End PBXGroup section */

/* Begin PBXNativeTarget section */
		6E39C5192F63F2640020B396 /* Travel Agency */ = {
			isa = PBXNativeTarget;
			buildConfigurationList = 6E39C5432F63F2640020B396 /* Build configuration list for PBXNativeTarget "Travel Agency" */;
			buildPhases = (
				6E39C5162F63F2640020B396 /* Sources */,
				6E39C5172F63F2640020B396 /* Frameworks */,
				6E39C5182F63F2640020B396 /* Resources */,
			);
			buildRules = (
			);
			dependencies = (
			);
			fileSystemSynchronizedGroups = (
				6E39C51C2F63F2640020B396 /* Travel Agency */,
			);
			name = "Travel Agency";
			packageProductDependencies = (
				6E46FDA72F72E0F600D0CFD4 /* Kingfisher */,
			);
			productName = "Travel Agency";
			productReference = 6E39C51A2F63F2640020B396 /* Travel Agency.app */;
			productType = "com.apple.product-type.application";
		};
		6E39C52F2F63F2640020B396 /* Travel AgencyTests */ = {
			isa = PBXNativeTarget;
			buildConfigurationList = 6E39C5482F63F2640020B396 /* Build configuration list for PBXNativeTarget "Travel AgencyTests" */;
			buildPhases = (
				6E39C52C2F63F2640020B396 /* Sources */,
				6E39C52D2F63F2640020B396 /* Frameworks */,
				6E39C52E2F63F2640020B396 /* Resources */,
			);
			buildRules = (
			);
			dependencies = (
				6E39C5322F63F2640020B396 /* PBXTargetDependency */,
			);
			fileSystemSynchronizedGroups = (
				6E39C5332F63F2640020B396 /* Travel AgencyTests */,
			);
			name = "Travel AgencyTests";
			packageProductDependencies = (
			);
			productName = "Travel AgencyTests";
			productReference = 6E39C5302F63F2640020B396 /* Travel AgencyTests.xctest */;
			productType = "com.apple.product-type.bundle.unit-test";
		};
		6E39C5392F63F2640020B396 /* Travel AgencyUITests */ = {
			isa = PBXNativeTarget;
			buildConfigurationList = 6E39C54B2F63F2640020B396 /* Build configuration list for PBXNativeTarget "Travel AgencyUITests" */;
			buildPhases = (
				6E39C5362F63F2640020B396 /* Sources */,
				6E39C5372F63F2640020B396 /* Frameworks */,
				6E39C5382F63F2640020B396 /* Resources */,
			);
			buildRules = (
			);
			dependencies = (
				6E39C53C2F63F2640020B396 /* PBXTargetDependency */,
			);
			fileSystemSynchronizedGroups = (
				6E39C53D2F63F2640020B396 /* Travel AgencyUITests */,
			);
			name = "Travel AgencyUITests";
			packageProductDependencies = (
			);
			productName = "Travel AgencyUITests";
			productReference = 6E39C53A2F63F2640020B396 /* Travel AgencyUITests.xctest */;
			productType = "com.apple.product-type.bundle.ui-testing";
		};
/* End PBXNativeTarget section */

/* Begin PBXProject section */
		6E39C5122F63F2640020B396 /* Project object */ = {
			isa = PBXProject;
			attributes = {
				BuildIndependentTargetsInParallel = 1;
				LastSwiftUpdateCheck = 2600;
				LastUpgradeCheck = 2600;
				TargetAttributes = {
					6E39C5192F63F2640020B396 = {
						CreatedOnToolsVersion = 26.0.1;
					};
					6E39C52F2F63F2640020B396 = {
						CreatedOnToolsVersion = 26.0.1;
						TestTargetID = 6E39C5192F63F2640020B396;
					};
					6E39C5392F63F2640020B396 = {
						CreatedOnToolsVersion = 26.0.1;
						TestTargetID = 6E39C5192F63F2640020B396;
					};
				};
			};
			buildConfigurationList = 6E39C5152F63F2640020B396 /* Build configuration list for PBXProject "Travel Agency" */;
			developmentRegion = en;
			hasScannedForEncodings = 0;
			knownRegions = (
				en,
				Base,
			);
			mainGroup = 6E39C5112F63F2640020B396;
			minimizedProjectReferenceProxies = 1;
			packageReferences = (
				6E46FDA52F72E00A00D0CFD4 /* XCRemoteSwiftPackageReference "Kingfisher" */,
			);
			preferredProjectObjectVersion = 77;
			productRefGroup = 6E39C51B2F63F2640020B396 /* Products */;
			projectDirPath = "";
			projectRoot = "";
			targets = (
				6E39C5192F63F2640020B396 /* Travel Agency */,
				6E39C52F2F63F2640020B396 /* Travel AgencyTests */,
				6E39C5392F63F2640020B396 /* Travel AgencyUITests */,
			);
		};
/* End PBXProject section */

/* Begin PBXResourcesBuildPhase section */
		6E39C5182F63F2640020B396 /* Resources */ = {
			isa = PBXResourcesBuildPhase;
			buildActionMask = 2147483647;
			files = (
			);
			runOnlyForDeploymentPostprocessing = 0;
		};
		6E39C52E2F63F2640020B396 /* Resources */ = {
			isa = PBXResourcesBuildPhase;
			buildActionMask = 2147483647;
			files = (
			);
			runOnlyForDeploymentPostprocessing = 0;
		};
		6E39C5382F63F2640020B396 /* Resources */ = {
			isa = PBXResourcesBuildPhase;
			buildActionMask = 2147483647;
			files = (
			);
			runOnlyForDeploymentPostprocessing = 0;
		};
/* End PBXResourcesBuildPhase section */

/* Begin PBXSourcesBuildPhase section */
		6E39C5162F63F2640020B396 /* Sources */ = {
			isa = PBXSourcesBuildPhase;
			buildActionMask = 2147483647;
			files = (
			);
			runOnlyForDeploymentPostprocessing = 0;
		};
		6E39C52C2F63F2640020B396 /* Sources */ = {
			isa = PBXSourcesBuildPhase;
			buildActionMask = 2147483647;
			files = (
			);
			runOnlyForDeploymentPostprocessing = 0;
		};
		6E39C5362F63F2640020B396 /* Sources */ = {
			isa = PBXSourcesBuildPhase;
			buildActionMask = 2147483647;
			files = (
			);
			runOnlyForDeploymentPostprocessing = 0;
		};
/* End PBXSourcesBuildPhase section */

/* Begin PBXTargetDependency section */
		6E39C5322F63F2640020B396 /* PBXTargetDependency */ = {
			isa = PBXTargetDependency;
			target = 6E39C5192F63F2640020B396 /* Travel Agency */;
			targetProxy = 6E39C5312F63F2640020B396 /* PBXContainerItemProxy */;
		};
		6E39C53C2F63F2640020B396 /* PBXTargetDependency */ = {
			isa = PBXTargetDependency;
			target = 6E39C5192F63F2640020B396 /* Travel Agency */;
			targetProxy = 6E39C53B2F63F2640020B396 /* PBXContainerItemProxy */;
		};
/* End PBXTargetDependency section */

/* Begin XCBuildConfiguration section */
		6E39C5442F63F2640020B396 /* Debug */ = {
			isa = XCBuildConfiguration;
			buildSettings = {
				ASSETCATALOG_COMPILER_APPICON_NAME = AppIcon;
				ASSETCATALOG_COMPILER_GLOBAL_ACCENT_COLOR_NAME = AccentColor;
				CODE_SIGN_STYLE = Automatic;
				CURRENT_PROJECT_VERSION = 1;
				DEVELOPMENT_TEAM = K6MHTJQG7M;
				GENERATE_INFOPLIST_FILE = YES;
				INFOPLIST_FILE = "Travel Agency/Resources/Info.plist";
				INFOPLIST_KEY_UIApplicationSupportsIndirectInputEvents = YES;
				INFOPLIST_KEY_UILaunchStoryboardName = LaunchScreen;
				INFOPLIST_KEY_UIMainStoryboardFile = Main;
				INFOPLIST_KEY_UISupportedInterfaceOrientations_iPad = "UIInterfaceOrientationPortrait UIInterfaceOrientationPortraitUpsideDown UIInterfaceOrientationLandscapeLeft UIInterfaceOrientationLandscapeRight";
				INFOPLIST_KEY_UISupportedInterfaceOrientations_iPhone = "UIInterfaceOrientationPortrait UIInterfaceOrientationLandscapeLeft UIInterfaceOrientationLandscapeRight";
				LD_RUNPATH_SEARCH_PATHS = (
					"$(inherited)",
					"@executable_path/Frameworks",
				);
				MARKETING_VERSION = 1.0;
				PRODUCT_BUNDLE_IDENTIFIER = "Healtec.Travel-Agency";
				PRODUCT_NAME = "$(TARGET_NAME)";
				STRING_CATALOG_GENERATE_SYMBOLS = YES;
				SWIFT_APPROACHABLE_CONCURRENCY = YES;
				SWIFT_DEFAULT_ACTOR_ISOLATION = MainActor;
				SWIFT_EMIT_LOC_STRINGS = YES;
				SWIFT_UPCOMING_FEATURE_MEMBER_IMPORT_VISIBILITY = YES;
				SWIFT_VERSION = 5.0;
				TARGETED_DEVICE_FAMILY = "1,2";
			};
			name = Debug;
		};
		6E39C5452F63F2640020B396 /* Release */ = {
			isa = XCBuildConfiguration;
			buildSettings = {
				ASSETCATALOG_COMPILER_APPICON_NAME = AppIcon;
				ASSETCATALOG_COMPILER_GLOBAL_ACCENT_COLOR_NAME = AccentColor;
				CODE_SIGN_STYLE = Automatic;
				CURRENT_PROJECT_VERSION = 1;
				DEVELOPMENT_TEAM = K6MHTJQG7M;
				GENERATE_INFOPLIST_FILE = YES;
				INFOPLIST_FILE = "Travel Agency/Resources/Info.plist";
				INFOPLIST_KEY_UIApplicationSupportsIndirectInputEvents = YES;
				INFOPLIST_KEY_UILaunchStoryboardName = LaunchScreen;
				INFOPLIST_KEY_UIMainStoryboardFile = Main;
				INFOPLIST_KEY_UISupportedInterfaceOrientations_iPad = "UIInterfaceOrientationPortrait UIInterfaceOrientationPortraitUpsideDown UIInterfaceOrientationLandscapeLeft UIInterfaceOrientationLandscapeRight";
				INFOPLIST_KEY_UISupportedInterfaceOrientations_iPhone = "UIInterfaceOrientationPortrait UIInterfaceOrientationLandscapeLeft UIInterfaceOrientationLandscapeRight";
				LD_RUNPATH_SEARCH_PATHS = (
					"$(inherited)",
					"@executable_path/Frameworks",
				);
				MARKETING_VERSION = 1.0;
				PRODUCT_BUNDLE_IDENTIFIER = "Healtec.Travel-Agency";
				PRODUCT_NAME = "$(TARGET_NAME)";
				STRING_CATALOG_GENERATE_SYMBOLS = YES;
				SWIFT_APPROACHABLE_CONCURRENCY = YES;
				SWIFT_DEFAULT_ACTOR_ISOLATION = MainActor;
				SWIFT_EMIT_LOC_STRINGS = YES;
				SWIFT_UPCOMING_FEATURE_MEMBER_IMPORT_VISIBILITY = YES;
				SWIFT_VERSION = 5.0;
				TARGETED_DEVICE_FAMILY = "1,2";
			};
			name = Release;
		};
		6E39C5462F63F2640020B396 /* Debug */ = {
			isa = XCBuildConfiguration;
			buildSettings = {
				ALWAYS_SEARCH_USER_PATHS = NO;
				ASSETCATALOG_COMPILER_GENERATE_SWIFT_ASSET_SYMBOL_EXTENSIONS = YES;
				CLANG_ANALYZER_NONNULL = YES;
				CLANG_ANALYZER_NUMBER_OBJECT_CONVERSION = YES_AGGRESSIVE;
				CLANG_CXX_LANGUAGE_STANDARD = "gnu++20";
				CLANG_ENABLE_MODULES = YES;
				CLANG_ENABLE_OBJC_ARC = YES;
				CLANG_ENABLE_OBJC_WEAK = YES;
				CLANG_WARN_BLOCK_CAPTURE_AUTORELEASING = YES;
				CLANG_WARN_BOOL_CONVERSION = YES;
				CLANG_WARN_COMMA = YES;
				CLANG_WARN_CONSTANT_CONVERSION = YES;
				CLANG_WARN_DEPRECATED_OBJC_IMPLEMENTATIONS = YES;
				CLANG_WARN_DIRECT_OBJC_ISA_USAGE = YES_ERROR;
				CLANG_WARN_DOCUMENTATION_COMMENTS = YES;
				CLANG_WARN_EMPTY_BODY = YES;
				CLANG_WARN_ENUM_CONVERSION = YES;
				CLANG_WARN_INFINITE_RECURSION = YES;
				CLANG_WARN_INT_CONVERSION = YES;
				CLANG_WARN_NON_LITERAL_NULL_CONVERSION = YES;
				CLANG_WARN_OBJC_IMPLICIT_RETAIN_SELF = YES;
				CLANG_WARN_OBJC_LITERAL_CONVERSION = YES;
				CLANG_WARN_OBJC_ROOT_CLASS = YES_ERROR;
				CLANG_WARN_QUOTED_INCLUDE_IN_FRAMEWORK_HEADER = YES;
				CLANG_WARN_RANGE_LOOP_ANALYSIS = YES;
				CLANG_WARN_STRICT_PROTOTYPES = YES;
				CLANG_WARN_SUSPICIOUS_MOVE = YES;
				CLANG_WARN_UNGUARDED_AVAILABILITY = YES_AGGRESSIVE;
				CLANG_WARN_UNREACHABLE_CODE = YES;
				CLANG_WARN__DUPLICATE_METHOD_MATCH = YES;
				COPY_PHASE_STRIP = NO;
				DEBUG_INFORMATION_FORMAT = dwarf;
				DEVELOPMENT_TEAM = K6MHTJQG7M;
				ENABLE_STRICT_OBJC_MSGSEND = YES;
				ENABLE_TESTABILITY = YES;
				ENABLE_USER_SCRIPT_SANDBOXING = YES;
				GCC_C_LANGUAGE_STANDARD = gnu17;
				GCC_DYNAMIC_NO_PIC = NO;
				GCC_NO_COMMON_BLOCKS = YES;
				GCC_OPTIMIZATION_LEVEL = 0;
				GCC_PREPROCESSOR_DEFINITIONS = (
					"DEBUG=1",
					"$(inherited)",
				);
				GCC_WARN_64_TO_32_BIT_CONVERSION = YES;
				GCC_WARN_ABOUT_RETURN_TYPE = YES_ERROR;
				GCC_WARN_UNDECLARED_SELECTOR = YES;
				GCC_WARN_UNINITIALIZED_AUTOS = YES_AGGRESSIVE;
				GCC_WARN_UNUSED_FUNCTION = YES;
				GCC_WARN_UNUSED_VARIABLE = YES;
				IPHONEOS_DEPLOYMENT_TARGET = 26.0;
				LOCALIZATION_PREFERS_STRING_CATALOGS = YES;
				MTL_ENABLE_DEBUG_INFO = INCLUDE_SOURCE;
				MTL_FAST_MATH = YES;
				ONLY_ACTIVE_ARCH = YES;
				SDKROOT = iphoneos;
				SWIFT_ACTIVE_COMPILATION_CONDITIONS = "DEBUG $(inherited)";
				SWIFT_OPTIMIZATION_LEVEL = "-Onone";
			};
			name = Debug;
		};
		6E39C5472F63F2640020B396 /* Release */ = {
			isa = XCBuildConfiguration;
			buildSettings = {
				ALWAYS_SEARCH_USER_PATHS = NO;
				ASSETCATALOG_COMPILER_GENERATE_SWIFT_ASSET_SYMBOL_EXTENSIONS = YES;
				CLANG_ANALYZER_NONNULL = YES;
				CLANG_ANALYZER_NUMBER_OBJECT_CONVERSION = YES_AGGRESSIVE;
				CLANG_CXX_LANGUAGE_STANDARD = "gnu++20";
				CLANG_ENABLE_MODULES = YES;
				CLANG_ENABLE_OBJC_ARC = YES;
				CLANG_ENABLE_OBJC_WEAK = YES;
				CLANG_WARN_BLOCK_CAPTURE_AUTORELEASING = YES;
				CLANG_WARN_BOOL_CONVERSION = YES;
				CLANG_WARN_COMMA = YES;
				CLANG_WARN_CONSTANT_CONVERSION = YES;
				CLANG_WARN_DEPRECATED_OBJC_IMPLEMENTATIONS = YES;
				CLANG_WARN_DIRECT_OBJC_ISA_USAGE = YES_ERROR;
				CLANG_WARN_DOCUMENTATION_COMMENTS = YES;
				CLANG_WARN_EMPTY_BODY = YES;
				CLANG_WARN_ENUM_CONVERSION = YES;
				CLANG_WARN_INFINITE_RECURSION = YES;
				CLANG_WARN_INT_CONVERSION = YES;
				CLANG_WARN_NON_LITERAL_NULL_CONVERSION = YES;
				CLANG_WARN_OBJC_IMPLICIT_RETAIN_SELF = YES;
				CLANG_WARN_OBJC_LITERAL_CONVERSION = YES;
				CLANG_WARN_OBJC_ROOT_CLASS = YES_ERROR;
				CLANG_WARN_QUOTED_INCLUDE_IN_FRAMEWORK_HEADER = YES;
				CLANG_WARN_RANGE_LOOP_ANALYSIS = YES;
				CLANG_WARN_STRICT_PROTOTYPES = YES;
				CLANG_WARN_SUSPICIOUS_MOVE = YES;
				CLANG_WARN_UNGUARDED_AVAILABILITY = YES_AGGRESSIVE;
				CLANG_WARN_UNREACHABLE_CODE = YES;
				CLANG_WARN__DUPLICATE_METHOD_MATCH = YES;
				COPY_PHASE_STRIP = NO;
				DEBUG_INFORMATION_FORMAT = "dwarf-with-dsym";
				DEVELOPMENT_TEAM = K6MHTJQG7M;
				ENABLE_NS_ASSERTIONS = NO;
				ENABLE_STRICT_OBJC_MSGSEND = YES;
				ENABLE_USER_SCRIPT_SANDBOXING = YES;
				GCC_C_LANGUAGE_STANDARD = gnu17;
				GCC_NO_COMMON_BLOCKS = YES;
				GCC_WARN_64_TO_32_BIT_CONVERSION = YES;
				GCC_WARN_ABOUT_RETURN_TYPE = YES_ERROR;
				GCC_WARN_UNDECLARED_SELECTOR = YES;
				GCC_WARN_UNINITIALIZED_AUTOS = YES_AGGRESSIVE;
				GCC_WARN_UNUSED_FUNCTION = YES;
				GCC_WARN_UNUSED_VARIABLE = YES;
				IPHONEOS_DEPLOYMENT_TARGET = 26.0;
				LOCALIZATION_PREFERS_STRING_CATALOGS = YES;
				MTL_ENABLE_DEBUG_INFO = NO;
				MTL_FAST_MATH = YES;
				SDKROOT = iphoneos;
				SWIFT_COMPILATION_MODE = wholemodule;
				VALIDATE_PRODUCT = YES;
			};
			name = Release;
		};
		6E39C5492F63F2640020B396 /* Debug */ = {
			isa = XCBuildConfiguration;
			buildSettings = {
				BUNDLE_LOADER = "$(TEST_HOST)";
				CODE_SIGN_STYLE = Automatic;
				CURRENT_PROJECT_VERSION = 1;
				DEVELOPMENT_TEAM = K6MHTJQG7M;
				GENERATE_INFOPLIST_FILE = YES;
				IPHONEOS_DEPLOYMENT_TARGET = 26.0;
				MARKETING_VERSION = 1.0;
				PRODUCT_BUNDLE_IDENTIFIER = "Healtec.Travel-AgencyTests";
				PRODUCT_NAME = "$(TARGET_NAME)";
				STRING_CATALOG_GENERATE_SYMBOLS = NO;
				SWIFT_APPROACHABLE_CONCURRENCY = YES;
				SWIFT_EMIT_LOC_STRINGS = NO;
				SWIFT_UPCOMING_FEATURE_MEMBER_IMPORT_VISIBILITY = YES;
				SWIFT_VERSION = 5.0;
				TARGETED_DEVICE_FAMILY = "1,2";
				TEST_HOST = "$(BUILT_PRODUCTS_DIR)/Travel Agency.app/$(BUNDLE_EXECUTABLE_FOLDER_PATH)/Travel Agency";
			};
			name = Debug;
		};
		6E39C54A2F63F2640020B396 /* Release */ = {
			isa = XCBuildConfiguration;
			buildSettings = {
				BUNDLE_LOADER = "$(TEST_HOST)";
				CODE_SIGN_STYLE = Automatic;
				CURRENT_PROJECT_VERSION = 1;
				DEVELOPMENT_TEAM = K6MHTJQG7M;
				GENERATE_INFOPLIST_FILE = YES;
				IPHONEOS_DEPLOYMENT_TARGET = 26.0;
				MARKETING_VERSION = 1.0;
				PRODUCT_BUNDLE_IDENTIFIER = "Healtec.Travel-AgencyTests";
				PRODUCT_NAME = "$(TARGET_NAME)";
				STRING_CATALOG_GENERATE_SYMBOLS = NO;
				SWIFT_APPROACHABLE_CONCURRENCY = YES;
				SWIFT_EMIT_LOC_STRINGS = NO;
				SWIFT_UPCOMING_FEATURE_MEMBER_IMPORT_VISIBILITY = YES;
				SWIFT_VERSION = 5.0;
				TARGETED_DEVICE_FAMILY = "1,2";
				TEST_HOST = "$(BUILT_PRODUCTS_DIR)/Travel Agency.app/$(BUNDLE_EXECUTABLE_FOLDER_PATH)/Travel Agency";
			};
			name = Release;
		};
		6E39C54C2F63F2640020B396 /* Debug */ = {
			isa = XCBuildConfiguration;
			buildSettings = {
				CODE_SIGN_STYLE = Automatic;
				CURRENT_PROJECT_VERSION = 1;
				DEVELOPMENT_TEAM = K6MHTJQG7M;
				GENERATE_INFOPLIST_FILE = YES;
				MARKETING_VERSION = 1.0;
				PRODUCT_BUNDLE_IDENTIFIER = "Healtec.Travel-AgencyUITests";
				PRODUCT_NAME = "$(TARGET_NAME)";
				STRING_CATALOG_GENERATE_SYMBOLS = NO;
				SWIFT_APPROACHABLE_CONCURRENCY = YES;
				SWIFT_EMIT_LOC_STRINGS = NO;
				SWIFT_UPCOMING_FEATURE_MEMBER_IMPORT_VISIBILITY = YES;
				SWIFT_VERSION = 5.0;
				TARGETED_DEVICE_FAMILY = "1,2";
				TEST_TARGET_NAME = "Travel Agency";
			};
			name = Debug;
		};
		6E39C54D2F63F2640020B396 /* Release */ = {
			isa = XCBuildConfiguration;
			buildSettings = {
				CODE_SIGN_STYLE = Automatic;
				CURRENT_PROJECT_VERSION = 1;
				DEVELOPMENT_TEAM = K6MHTJQG7M;
				GENERATE_INFOPLIST_FILE = YES;
				MARKETING_VERSION = 1.0;
				PRODUCT_BUNDLE_IDENTIFIER = "Healtec.Travel-AgencyUITests";
				PRODUCT_NAME = "$(TARGET_NAME)";
				STRING_CATALOG_GENERATE_SYMBOLS = NO;
				SWIFT_APPROACHABLE_CONCURRENCY = YES;
				SWIFT_EMIT_LOC_STRINGS = NO;
				SWIFT_UPCOMING_FEATURE_MEMBER_IMPORT_VISIBILITY = YES;
				SWIFT_VERSION = 5.0;
				TARGETED_DEVICE_FAMILY = "1,2";
				TEST_TARGET_NAME = "Travel Agency";
			};
			name = Release;
		};
/* End XCBuildConfiguration section */

/* Begin XCConfigurationList section */
		6E39C5152F63F2640020B396 /* Build configuration list for PBXProject "Travel Agency" */ = {
			isa = XCConfigurationList;
			buildConfigurations = (
				6E39C5462F63F2640020B396 /* Debug */,
				6E39C5472F63F2640020B396 /* Release */,
			);
			defaultConfigurationIsVisible = 0;
			defaultConfigurationName = Release;
		};
		6E39C5432F63F2640020B396 /* Build configuration list for PBXNativeTarget "Travel Agency" */ = {
			isa = XCConfigurationList;
			buildConfigurations = (
				6E39C5442F63F2640020B396 /* Debug */,
				6E39C5452F63F2640020B396 /* Release */,
			);
			defaultConfigurationIsVisible = 0;
			defaultConfigurationName = Release;
		};
		6E39C5482F63F2640020B396 /* Build configuration list for PBXNativeTarget "Travel AgencyTests" */ = {
			isa = XCConfigurationList;
			buildConfigurations = (
				6E39C5492F63F2640020B396 /* Debug */,
				6E39C54A2F63F2640020B396 /* Release */,
			);
			defaultConfigurationIsVisible = 0;
			defaultConfigurationName = Release;
		};
		6E39C54B2F63F2640020B396 /* Build configuration list for PBXNativeTarget "Travel AgencyUITests" */ = {
			isa = XCConfigurationList;
			buildConfigurations = (
				6E39C54C2F63F2640020B396 /* Debug */,
				6E39C54D2F63F2640020B396 /* Release */,
			);
			defaultConfigurationIsVisible = 0;
			defaultConfigurationName = Release;
		};
/* End XCConfigurationList section */

/* Begin XCRemoteSwiftPackageReference section */
		6E46FDA52F72E00A00D0CFD4 /* XCRemoteSwiftPackageReference "Kingfisher" */ = {
			isa = XCRemoteSwiftPackageReference;
			repositoryURL = "https://github.com/onevcat/Kingfisher.git";
			requirement = {
				kind = upToNextMajorVersion;
				minimumVersion = 8.8.0;
			};
		};
/* End XCRemoteSwiftPackageReference section */

/* Begin XCSwiftPackageProductDependency section */
		6E46FDA72F72E0F600D0CFD4 /* Kingfisher */ = {
			isa = XCSwiftPackageProductDependency;
			package = 6E46FDA52F72E00A00D0CFD4 /* XCRemoteSwiftPackageReference "Kingfisher" */;
			productName = Kingfisher;
		};
/* End XCSwiftPackageProductDependency section */
	};
	rootObject = 6E39C5122F63F2640020B396 /* Project object */;
}
